<?xml version="1.0" encoding="utf-8"?>
<Project ToolsVersion="4.0" xmlns="http://schemas.microsoft.com/developer/msbuild/2003">
  <ItemGroup>
    <Filter Include="Source Files">
      <UniqueIdentifier>{4FC737F1-C7A5-4376-A066-2A32D752A2FF}</UniqueIdentifier>
      <Extensions>cpp;c;cc;cxx;def;odl;idl;hpj;bat;asm;asmx</Extensions>
    </Filter>
    <Filter Include="Header Files">
      <UniqueIdentifier>{93995380-89BD-4b04-88EB-625FBE52EBFB}</UniqueIdentifier>
      <Extensions>h;hh;hpp;hxx;hm;inl;inc;xsd</Extensions>
    </Filter>
    <Filter Include="Resource Files">
      <UniqueIdentifier>{67DA6AB6-F800-4c08-8B7A-83BB121AAD01}</UniqueIdentifier>
      <Extensions>rc;ico;cur;bmp;dlg;rc2;rct;bin;rgs;gif;jpg;jpeg;jpe;resx;tiff;tif;png;wav;mfcribbon-ms</Extensions>
    </Filter>
    <Filter Include="Source Files\Engine">
      <UniqueIdentifier>{dd3bfe3e-5d7e-4a0f-bf4e-203942b91400}</UniqueIdentifier>
    </Filter>
    <Filter Include="Header Files\Engine">
      <UniqueIdentifier>{391dd70a-8b8c-45b0-8b30-8cbd1d479250}</UniqueIdentifier>
    </Filter>
    <Filter Include="Header Files\PathTracer">
      <UniqueIdentifier>{cfcc5f53-6f42-4e5c-b901-dd7cfcc4c0b8}</UniqueIdentifier>
    </Filter>
    <Filter Include="Source Files\PathTracer">
      <UniqueIdentifier>{7d2fcc85-7589-44a7-b721-258266d49f95}</UniqueIdentifier>
    </Filter>
    <Filter Include="Header Files\PathTracer\Objects">
      <UniqueIdentifier>{4ae9fb55-52ed-43b1-a2f3-de5c1675ca04}</UniqueIdentifier>
    </Filter>
    <Filter Include="Source Files\PathTracer\Objects">
      <UniqueIdentifier>{bf561b48-2878-4441-92d8-795414b8529a}</UniqueIdentifier>
    </Filter>
  </ItemGroup>
  <ItemGroup>
    <ClCompile Include="main.cpp">
      <Filter>Source Files</Filter>
    </ClCompile>
    <ClCompile Include="TetrisEngine.cpp">
      <Filter>Source Files</Filter>
    </ClCompile>
    <ClCompile Include="Engine.cpp">
      <Filter>Source Files\Engine</Filter>
    </ClCompile>
    <ClCompile Include="InputHandler.cpp">
      <Filter>Source Files\Engine</Filter>
    </ClCompile>
    <ClCompile Include="PathTracerEngine.cpp">
      <Filter>Source Files\PathTracer</Filter>
    </ClCompile>
    <ClCompile Include="SphereObject.cpp">
      <Filter>Source Files\PathTracer\Objects</Filter>
    </ClCompile>
    <ClCompile Include="Camera.cpp">
      <Filter>Source Files\Engine</Filter>
    </ClCompile>
    <ClCompile Include="Angle.cpp">
      <Filter>Source Files\Engine</Filter>
    </ClCompile>
    <ClCompile Include="Matrix4x4.cpp">
      <Filter>Source Files</Filter>
    </ClCompile>
    <ClCompile Include="MathHelper.cpp">
      <Filter>Source Files</Filter>
    </ClCompile>
    <ClCompile Include="Vector3.cpp">
      <Filter>Source Files\Engine</Filter>
    </ClCompile>
    <ClCompile Include="Vector2.cpp">
      <Filter>Source Files\Engine</Filter>
    </ClCompile>
    <ClCompile Include="Point2.cpp">
      <Filter>Source Files\Engine</Filter>
    </ClCompile>
  </ItemGroup>
  <ItemGroup>
    <ClInclude Include="stdafx.h">
      <Filter>Header Files</Filter>
    </ClInclude>
    <ClInclude Include="TetrisEngine.h">
      <Filter>Header Files</Filter>
    </ClInclude>
    <ClInclude Include="Engine.h">
      <Filter>Header Files\Engine</Filter>
    </ClInclude>
    <ClInclude Include="InputHandler.h">
      <Filter>Header Files\Engine</Filter>
    </ClInclude>
    <ClInclude Include="Vector2.h">
      <Filter>Header Files\Engine</Filter>
    </ClInclude>
    <ClInclude Include="Point2.h">
      <Filter>Header Files\Engine</Filter>
    </ClInclude>
    <ClInclude Include="ObjectBase.h">
      <Filter>Header Files\PathTracer</Filter>
    </ClInclude>
    <ClInclude Include="PathTracerEngine.h">
      <Filter>Header Files\PathTracer</Filter>
    </ClInclude>
    <ClInclude Include="HitResult.h">
      <Filter>Header Files\PathTracer</Filter>
    </ClInclude>
    <ClInclude Include="SphereObject.h">
      <Filter>Header Files\PathTracer\Objects</Filter>
    </ClInclude>
    <ClInclude Include="Material.h">
      <Filter>Header Files\PathTracer</Filter>
    </ClInclude>
    <ClInclude Include="Color.h">
      <Filter>Header Files\Engine</Filter>
    </ClInclude>
    <ClInclude Include="Camera.h">
      <Filter>Header Files\Engine</Filter>
    </ClInclude>
    <ClInclude Include="Angle.h">
      <Filter>Header Files\Engine</Filter>
    </ClInclude>
    <ClInclude Include="Ray.h">
      <Filter>Header Files\PathTracer</Filter>
    </ClInclude>
    <ClInclude Include="Vector3.h">
      <Filter>Header Files\Engine</Filter>
    </ClInclude>
    <ClInclude Include="Matrix4x4.h">
      <Filter>Header Files</Filter>
    </ClInclude>
    <ClInclude Include="MathHelper.h">
      <Filter>Header Files</Filter>
    </ClInclude>
  </ItemGroup>
  <ItemGroup>
    <None Include="packages.config" />
  </ItemGroup>
</Project>